Microsoft Visual Studio Solution File, Format Version 12.00
# Visual Studio Version 17
VisualStudioVersion = 17.14.36518.9
MinimumVisualStudioVersion = 10.0.40219.1
Project("{FAE04EC0-301F-11D3-BF4B-00C04F79EFBC}") = "ErgComTester", "ConsoleApp\ErgComTester.csproj", "{6107F1EA-1D8D-6FB3-E05B-ED205417518C}"
EndProject
Project("{FAE04EC0-301F-11D3-BF4B-00C04F79EFBC}") = "MicroluxErgConnect.Desktop", "DesktopClient\MicroluxErgConnect.Desktop.csproj", "{39750805-C536-4005-979F-90768FE0669C}"
EndProject
Project("{FAE04EC0-301F-11D3-BF4B-00C04F79EFBC}") = "ErgData.Tests", "Tests\ErgData.Tests\ErgData.Tests.csproj", "{B9093ADF-DAA2-4563-95CB-81C2908BB3B6}"
EndProject
Global
	GlobalSection(SolutionConfigurationPlatforms) = preSolution
		Debug|Any CPU = Debug|Any CPU
		Release|Any CPU = Release|Any CPU
	EndGlobalSection
	GlobalSection(ProjectConfigurationPlatforms) = postSolution
		{B9093ADF-DAA2-4563-95CB-81C2908BB3B6}.Debug|Any CPU.ActiveCfg = Debug|Any CPU
		{B9093ADF-DAA2-4563-95CB-81C2908BB3B6}.Debug|Any CPU.Build.0 = Debug|Any CPU
		{B9093ADF-DAA2-4563-95CB-81C2908BB3B6}.Release|Any CPU.ActiveCfg = Release|Any CPU
		{B9093ADF-DAA2-4563-95CB-81C2908BB3B6}.Release|Any CPU.Build.0 = Release|Any CPU
		{6107F1EA-1D8D-6FB3-E05B-ED205417518C}.Debug|Any CPU.ActiveCfg = Debug|Any CPU
		{6107F1EA-1D8D-6FB3-E05B-ED205417518C}.Debug|Any CPU.Build.0 = Debug|Any CPU
		{6107F1EA-1D8D-6FB3-E05B-ED205417518C}.Release|Any CPU.ActiveCfg = Release|Any CPU
		{6107F1EA-1D8D-6FB3-E05B-ED205417518C}.Release|Any CPU.Build.0 = Release|Any CPU
		{39750805-C536-4005-979F-90768FE0669C}.Debug|Any CPU.ActiveCfg = Debug|Any CPU
		{39750805-C536-4005-979F-90768FE0669C}.Debug|Any CPU.Build.0 = Debug|Any CPU
		{39750805-C536-4005-979F-90768FE0669C}.Release|Any CPU.ActiveCfg = Release|Any CPU
		{39750805-C536-4005-979F-90768FE0669C}.Release|Any CPU.Build.0 = Release|Any CPU
	EndGlobalSection
	GlobalSection(SolutionProperties) = preSolution
		HideSolutionNode = FALSE
	EndGlobalSection
	GlobalSection(ExtensibilityGlobals) = postSolution
		                SolutionGuid = {35F7A3C0-C547-40B7-B3C9-CDE496F4E5F2}
	EndGlobalSection
EndGlobal
